
Microsoft Visual Studio Solution File, Format Version 12.00
# Visual Studio Version 16
VisualStudioVersion = 16.0.29318.209
MinimumVisualStudioVersion = 10.0.40219.1
Project("{FAE04EC0-301F-11D3-BF4B-00C04F79EFBC}") = "SoLvuko.UWP", "SoLvuko.UWP\SoLvuko.UWP.csproj", "{EB30E215-01AF-4533-A43E-BBF084AA5E15}"
EndProject
Project("{FAE04EC0-301F-11D3-BF4B-00C04F79EFBC}") = "SoLvuko.Android", "SoLvuko.Android\SoLvuko.Android.csproj", "{E29E010A-8B0F-498C-ACF5-8A97A058AF05}"
EndProject
Project("{FAE04EC0-301F-11D3-BF4B-00C04F79EFBC}") = "SoLvuko.iOS", "SoLvuko.iOS\SoLvuko.iOS.csproj", "{29CDBB6C-B310-47AF-BB79-C0636EF10973}"
EndProject
Project("{FAE04EC0-301F-11D3-BF4B-00C04F79EFBC}") = "SoLvuko", "SoLvuko\SoLvuko.csproj", "{D79846B4-8CA3-4FF2-BAA3-96EBF6BEAAA2}"
EndProject
Global
	GlobalSection(SolutionConfigurationPlatforms) = preSolution
		Debug|Any CPU = Debug|Any CPU
		Debug|ARM = Debug|ARM
		Debug|iPhone = Debug|iPhone
		Debug|iPhoneSimulator = Debug|iPhoneSimulator
		Debug|x64 = Debug|x64
		Debug|x86 = Debug|x86
		Release|Any CPU = Release|Any CPU
		Release|ARM = Release|ARM
		Release|iPhone = Release|iPhone
		Release|iPhoneSimulator = Release|iPhoneSimulator
		Release|x64 = Release|x64
		Release|x86 = Release|x86
	EndGlobalSection
	GlobalSection(ProjectConfigurationPlatforms) = postSolution
		{EB30E215-01AF-4533-A43E-BBF084AA5E15}.Debug|Any CPU.ActiveCfg = Debug|x86
		{EB30E215-01AF-4533-A43E-BBF084AA5E15}.Debug|Any CPU.Build.0 = Debug|x86
		{EB30E215-01AF-4533-A43E-BBF084AA5E15}.Debug|Any CPU.Deploy.0 = Debug|x86
		{EB30E215-01AF-4533-A43E-BBF084AA5E15}.Debug|ARM.ActiveCfg = Debug|ARM
		{EB30E215-01AF-4533-A43E-BBF084AA5E15}.Debug|ARM.Build.0 = Debug|ARM
		{EB30E215-01AF-4533-A43E-BBF084AA5E15}.Debug|ARM.Deploy.0 = Debug|ARM
		{EB30E215-01AF-4533-A43E-BBF084AA5E15}.Debug|iPhone.ActiveCfg = Debug|x86
		{EB30E215-01AF-4533-A43E-BBF084AA5E15}.Debug|iPhone.Build.0 = Debug|x86
		{EB30E215-01AF-4533-A43E-BBF084AA5E15}.Debug|iPhone.Deploy.0 = Debug|x86
		{EB30E215-01AF-4533-A43E-BBF084AA5E15}.Debug|iPhoneSimulator.ActiveCfg = Debug|x86
		{EB30E215-01AF-4533-A43E-BBF084AA5E15}.Debug|iPhoneSimulator.Build.0 = Debug|x86
		{EB30E215-01AF-4533-A43E-BBF084AA5E15}.Debug|iPhoneSimulator.Deploy.0 = Debug|x86
		{EB30E215-01AF-4533-A43E-BBF084AA5E15}.Debug|x64.ActiveCfg = Debug|x64
		{EB30E215-01AF-4533-A43E-BBF084AA5E15}.Debug|x64.Build.0 = Debug|x64
		{EB30E215-01AF-4533-A43E-BBF084AA5E15}.Debug|x64.Deploy.0 = Debug|x64
		{EB30E215-01AF-4533-A43E-BBF084AA5E15}.Debug|x86.ActiveCfg = Debug|x86
		{EB30E215-01AF-4533-A43E-BBF084AA5E15}.Debug|x86.Build.0 = Debug|x86
		{EB30E215-01AF-4533-A43E-BBF084AA5E15}.Debug|x86.Deploy.0 = Debug|x86
		{EB30E215-01AF-4533-A43E-BBF084AA5E15}.Release|Any CPU.ActiveCfg = Release|x86
		{EB30E215-01AF-4533-A43E-BBF084AA5E15}.Release|Any CPU.Build.0 = Release|x86
		{EB30E215-01AF-4533-A43E-BBF084AA5E15}.Release|Any CPU.Deploy.0 = Release|x86
		{EB30E215-01AF-4533-A43E-BBF084AA5E15}.Release|ARM.ActiveCfg = Release|ARM
		{EB30E215-01AF-4533-A43E-BBF084AA5E15}.Release|ARM.Build.0 = Release|ARM
		{EB30E215-01AF-4533-A43E-BBF084AA5E15}.Release|ARM.Deploy.0 = Release|ARM
		{EB30E215-01AF-4533-A43E-BBF084AA5E15}.Release|iPhone.ActiveCfg = Release|x86
		{EB30E215-01AF-4533-A43E-BBF084AA5E15}.Release|iPhone.Build.0 = Release|x86
		{EB30E215-01AF-4533-A43E-BBF084AA5E15}.Release|iPhone.Deploy.0 = Release|x86
		{EB30E215-01AF-4533-A43E-BBF084AA5E15}.Release|iPhoneSimulator.ActiveCfg = Release|x86
		{EB30E215-01AF-4533-A43E-BBF084AA5E15}.Release|iPhoneSimulator.Build.0 = Release|x86
		{EB30E215-01AF-4533-A43E-BBF084AA5E15}.Release|iPhoneSimulator.Deploy.0 = Release|x86
		{EB30E215-01AF-4533-A43E-BBF084AA5E15}.Release|x64.ActiveCfg = Release|x64
		{EB30E215-01AF-4533-A43E-BBF084AA5E15}.Release|x64.Build.0 = Release|x64
		{EB30E215-01AF-4533-A43E-BBF084AA5E15}.Release|x64.Deploy.0 = Release|x64
		{EB30E215-01AF-4533-A43E-BBF084AA5E15}.Release|x86.ActiveCfg = Release|x86
		{EB30E215-01AF-4533-A43E-BBF084AA5E15}.Release|x86.Build.0 = Release|x86
		{EB30E215-01AF-4533-A43E-BBF084AA5E15}.Release|x86.Deploy.0 = Release|x86
		{E29E010A-8B0F-498C-ACF5-8A97A058AF05}.Debug|Any CPU.ActiveCfg = Debug|Any CPU
		{E29E010A-8B0F-498C-ACF5-8A97A058AF05}.Debug|Any CPU.Build.0 = Debug|Any CPU
		{E29E010A-8B0F-498C-ACF5-8A97A058AF05}.Debug|Any CPU.Deploy.0 = Debug|Any CPU
		{E29E010A-8B0F-498C-ACF5-8A97A058AF05}.Debug|ARM.ActiveCfg = Debug|Any CPU
		{E29E010A-8B0F-498C-ACF5-8A97A058AF05}.Debug|ARM.Build.0 = Debug|Any CPU
		{E29E010A-8B0F-498C-ACF5-8A97A058AF05}.Debug|ARM.Deploy.0 = Debug|Any CPU
		{E29E010A-8B0F-498C-ACF5-8A97A058AF05}.Debug|iPhone.ActiveCfg = Debug|Any CPU
		{E29E010A-8B0F-498C-ACF5-8A97A058AF05}.Debug|iPhone.Build.0 = Debug|Any CPU
		{E29E010A-8B0F-498C-ACF5-8A97A058AF05}.Debug|iPhone.Deploy.0 = Debug|Any CPU
		{E29E010A-8B0F-498C-ACF5-8A97A058AF05}.Debug|iPhoneSimulator.ActiveCfg = Debug|Any CPU
		{E29E010A-8B0F-498C-ACF5-8A97A058AF05}.Debug|iPhoneSimulator.Build.0 = Debug|Any CPU
		{E29E010A-8B0F-498C-ACF5-8A97A058AF05}.Debug|iPhoneSimulator.Deploy.0 = Debug|Any CPU
		{E29E010A-8B0F-498C-ACF5-8A97A058AF05}.Debug|x64.ActiveCfg = Debug|Any CPU
		{E29E010A-8B0F-498C-ACF5-8A97A058AF05}.Debug|x64.Build.0 = Debug|Any CPU
		{E29E010A-8B0F-498C-ACF5-8A97A058AF05}.Debug|x64.Deploy.0 = Debug|Any CPU
		{E29E010A-8B0F-498C-ACF5-8A97A058AF05}.Debug|x86.ActiveCfg = Debug|Any CPU
		{E29E010A-8B0F-498C-ACF5-8A97A058AF05}.Debug|x86.Build.0 = Debug|Any CPU
		{E29E010A-8B0F-498C-ACF5-8A97A058AF05}.Debug|x86.Deploy.0 = Debug|Any CPU
		{E29E010A-8B0F-498C-ACF5-8A97A058AF05}.Release|Any CPU.ActiveCfg = Release|Any CPU
		{E29E010A-8B0F-498C-ACF5-8A97A058AF05}.Release|Any CPU.Build.0 = Release|Any CPU
		{E29E010A-8B0F-498C-ACF5-8A97A058AF05}.Release|Any CPU.Deploy.0 = Release|Any CPU
		{E29E010A-8B0F-498C-ACF5-8A97A058AF05}.Release|ARM.ActiveCfg = Release|Any CPU
		{E29E010A-8B0F-498C-ACF5-8A97A058AF05}.Release|ARM.Build.0 = Release|Any CPU
		{E29E010A-8B0F-498C-ACF5-8A97A058AF05}.Release|ARM.Deploy.0 = Release|Any CPU
		{E29E010A-8B0F-498C-ACF5-8A97A058AF05}.Release|iPhone.ActiveCfg = Release|Any CPU
		{E29E010A-8B0F-498C-ACF5-8A97A058AF05}.Release|iPhone.Build.0 = Release|Any CPU
		{E29E010A-8B0F-498C-ACF5-8A97A058AF05}.Release|iPhone.Deploy.0 = Release|Any CPU
		{E29E010A-8B0F-498C-ACF5-8A97A058AF05}.Release|iPhoneSimulator.ActiveCfg = Release|Any CPU
		{E29E010A-8B0F-498C-ACF5-8A97A058AF05}.Release|iPhoneSimulator.Build.0 = Release|Any CPU
		{E29E010A-8B0F-498C-ACF5-8A97A058AF05}.Release|iPhoneSimulator.Deploy.0 = Release|Any CPU
		{E29E010A-8B0F-498C-ACF5-8A97A058AF05}.Release|x64.ActiveCfg = Release|Any CPU
		{E29E010A-8B0F-498C-ACF5-8A97A058AF05}.Release|x64.Build.0 = Release|Any CPU
		{E29E010A-8B0F-498C-ACF5-8A97A058AF05}.Release|x64.Deploy.0 = Release|Any CPU
		{E29E010A-8B0F-498C-ACF5-8A97A058AF05}.Release|x86.ActiveCfg = Release|Any CPU
		{E29E010A-8B0F-498C-ACF5-8A97A058AF05}.Release|x86.Build.0 = Release|Any CPU
		{E29E010A-8B0F-498C-ACF5-8A97A058AF05}.Release|x86.Deploy.0 = Release|Any CPU
		{29CDBB6C-B310-47AF-BB79-C0636EF10973}.Debug|Any CPU.ActiveCfg = Debug|iPhone
		{29CDBB6C-B310-47AF-BB79-C0636EF10973}.Debug|Any CPU.Build.0 = Debug|iPhone
		{29CDBB6C-B310-47AF-BB79-C0636EF10973}.Debug|Any CPU.Deploy.0 = Debug|iPhone
		{29CDBB6C-B310-47AF-BB79-C0636EF10973}.Debug|ARM.ActiveCfg = Debug|iPhoneSimulator
		{29CDBB6C-B310-47AF-BB79-C0636EF10973}.Debug|ARM.Build.0 = Debug|iPhoneSimulator
		{29CDBB6C-B310-47AF-BB79-C0636EF10973}.Debug|ARM.Deploy.0 = Debug|iPhoneSimulator
		{29CDBB6C-B310-47AF-BB79-C0636EF10973}.Debug|iPhone.ActiveCfg = Debug|iPhone
		{29CDBB6C-B310-47AF-BB79-C0636EF10973}.Debug|iPhone.Build.0 = Debug|iPhone
		{29CDBB6C-B310-47AF-BB79-C0636EF10973}.Debug|iPhone.Deploy.0 = Debug|iPhone
		{29CDBB6C-B310-47AF-BB79-C0636EF10973}.Debug|iPhoneSimulator.ActiveCfg = Debug|iPhoneSimulator
		{29CDBB6C-B310-47AF-BB79-C0636EF10973}.Debug|iPhoneSimulator.Build.0 = Debug|iPhoneSimulator
		{29CDBB6C-B310-47AF-BB79-C0636EF10973}.Debug|iPhoneSimulator.Deploy.0 = Debug|iPhoneSimulator
		{29CDBB6C-B310-47AF-BB79-C0636EF10973}.Debug|x64.ActiveCfg = Debug|iPhone
		{29CDBB6C-B310-47AF-BB79-C0636EF10973}.Debug|x64.Build.0 = Debug|iPhone
		{29CDBB6C-B310-47AF-BB79-C0636EF10973}.Debug|x64.Deploy.0 = Debug|iPhone
		{29CDBB6C-B310-47AF-BB79-C0636EF10973}.Debug|x86.ActiveCfg = Debug|iPhone
		{29CDBB6C-B310-47AF-BB79-C0636EF10973}.Debug|x86.Build.0 = Debug|iPhone
		{29CDBB6C-B310-47AF-BB79-C0636EF10973}.Debug|x86.Deploy.0 = Debug|iPhone
		{29CDBB6C-B310-47AF-BB79-C0636EF10973}.Release|Any CPU.ActiveCfg = Release|iPhone
		{29CDBB6C-B310-47AF-BB79-C0636EF10973}.Release|Any CPU.Build.0 = Release|iPhone
		{29CDBB6C-B310-47AF-BB79-C0636EF10973}.Release|Any CPU.Deploy.0 = Release|iPhone
		{29CDBB6C-B310-47AF-BB79-C0636EF10973}.Release|ARM.ActiveCfg = Release|iPhone
		{29CDBB6C-B310-47AF-BB79-C0636EF10973}.Release|ARM.Build.0 = Release|iPhone
		{29CDBB6C-B310-47AF-BB79-C0636EF10973}.Release|ARM.Deploy.0 = Release|iPhone
		{29CDBB6C-B310-47AF-BB79-C0636EF10973}.Release|iPhone.ActiveCfg = Release|iPhone
		{29CDBB6C-B310-47AF-BB79-C0636EF10973}.Release|iPhone.Build.0 = Release|iPhone
		{29CDBB6C-B310-47AF-BB79-C0636EF10973}.Release|iPhone.Deploy.0 = Release|iPhone
		{29CDBB6C-B310-47AF-BB79-C0636EF10973}.Release|iPhoneSimulator.ActiveCfg = Release|iPhoneSimulator
		{29CDBB6C-B310-47AF-BB79-C0636EF10973}.Release|iPhoneSimulator.Build.0 = Release|iPhoneSimulator
		{29CDBB6C-B310-47AF-BB79-C0636EF10973}.Release|iPhoneSimulator.Deploy.0 = Release|iPhoneSimulator
		{29CDBB6C-B310-47AF-BB79-C0636EF10973}.Release|x64.ActiveCfg = Release|iPhone
		{29CDBB6C-B310-47AF-BB79-C0636EF10973}.Release|x64.Build.0 = Release|iPhone
		{29CDBB6C-B310-47AF-BB79-C0636EF10973}.Release|x64.Deploy.0 = Release|iPhone
		{29CDBB6C-B310-47AF-BB79-C0636EF10973}.Release|x86.ActiveCfg = Release|iPhone
		{29CDBB6C-B310-47AF-BB79-C0636EF10973}.Release|x86.Build.0 = Release|iPhone
		{29CDBB6C-B310-47AF-BB79-C0636EF10973}.Release|x86.Deploy.0 = Release|iPhone
		{D79846B4-8CA3-4FF2-BAA3-96EBF6BEAAA2}.Debug|Any CPU.ActiveCfg = Debug|Any CPU
		{D79846B4-8CA3-4FF2-BAA3-96EBF6BEAAA2}.Debug|Any CPU.Build.0 = Debug|Any CPU
		{D79846B4-8CA3-4FF2-BAA3-96EBF6BEAAA2}.Debug|Any CPU.Deploy.0 = Debug|Any CPU
		{D79846B4-8CA3-4FF2-BAA3-96EBF6BEAAA2}.Debug|ARM.ActiveCfg = Debug|Any CPU
		{D79846B4-8CA3-4FF2-BAA3-96EBF6BEAAA2}.Debug|ARM.Build.0 = Debug|Any CPU
		{D79846B4-8CA3-4FF2-BAA3-96EBF6BEAAA2}.Debug|ARM.Deploy.0 = Debug|Any CPU
		{D79846B4-8CA3-4FF2-BAA3-96EBF6BEAAA2}.Debug|iPhone.ActiveCfg = Debug|Any CPU
		{D79846B4-8CA3-4FF2-BAA3-96EBF6BEAAA2}.Debug|iPhone.Build.0 = Debug|Any CPU
		{D79846B4-8CA3-4FF2-BAA3-96EBF6BEAAA2}.Debug|iPhone.Deploy.0 = Debug|Any CPU
		{D79846B4-8CA3-4FF2-BAA3-96EBF6BEAAA2}.Debug|iPhoneSimulator.ActiveCfg = Debug|Any CPU
		{D79846B4-8CA3-4FF2-BAA3-96EBF6BEAAA2}.Debug|iPhoneSimulator.Build.0 = Debug|Any CPU
		{D79846B4-8CA3-4FF2-BAA3-96EBF6BEAAA2}.Debug|iPhoneSimulator.Deploy.0 = Debug|Any CPU
		{D79846B4-8CA3-4FF2-BAA3-96EBF6BEAAA2}.Debug|x64.ActiveCfg = Debug|Any CPU
		{D79846B4-8CA3-4FF2-BAA3-96EBF6BEAAA2}.Debug|x64.Build.0 = Debug|Any CPU
		{D79846B4-8CA3-4FF2-BAA3-96EBF6BEAAA2}.Debug|x64.Deploy.0 = Debug|Any CPU
		{D79846B4-8CA3-4FF2-BAA3-96EBF6BEAAA2}.Debug|x86.ActiveCfg = Debug|Any CPU
		{D79846B4-8CA3-4FF2-BAA3-96EBF6BEAAA2}.Debug|x86.Build.0 = Debug|Any CPU
		{D79846B4-8CA3-4FF2-BAA3-96EBF6BEAAA2}.Debug|x86.Deploy.0 = Debug|Any CPU
		{D79846B4-8CA3-4FF2-BAA3-96EBF6BEAAA2}.Release|Any CPU.ActiveCfg = Release|Any CPU
		{D79846B4-8CA3-4FF2-BAA3-96EBF6BEAAA2}.Release|Any CPU.Build.0 = Release|Any CPU
		{D79846B4-8CA3-4FF2-BAA3-96EBF6BEAAA2}.Release|Any CPU.Deploy.0 = Release|Any CPU
		{D79846B4-8CA3-4FF2-BAA3-96EBF6BEAAA2}.Release|ARM.ActiveCfg = Release|Any CPU
		{D79846B4-8CA3-4FF2-BAA3-96EBF6BEAAA2}.Release|ARM.Build.0 = Release|Any CPU
		{D79846B4-8CA3-4FF2-BAA3-96EBF6BEAAA2}.Release|ARM.Deploy.0 = Release|Any CPU
		{D79846B4-8CA3-4FF2-BAA3-96EBF6BEAAA2}.Release|iPhone.ActiveCfg = Release|Any CPU
		{D79846B4-8CA3-4FF2-BAA3-96EBF6BEAAA2}.Release|iPhone.Build.0 = Release|Any CPU
		{D79846B4-8CA3-4FF2-BAA3-96EBF6BEAAA2}.Release|iPhone.Deploy.0 = Release|Any CPU
		{D79846B4-8CA3-4FF2-BAA3-96EBF6BEAAA2}.Release|iPhoneSimulator.ActiveCfg = Release|Any CPU
		{D79846B4-8CA3-4FF2-BAA3-96EBF6BEAAA2}.Release|iPhoneSimulator.Build.0 = Release|Any CPU
		{D79846B4-8CA3-4FF2-BAA3-96EBF6BEAAA2}.Release|iPhoneSimulator.Deploy.0 = Release|Any CPU
		{D79846B4-8CA3-4FF2-BAA3-96EBF6BEAAA2}.Release|x64.ActiveCfg = Release|Any CPU
		{D79846B4-8CA3-4FF2-BAA3-96EBF6BEAAA2}.Release|x64.Build.0 = Release|Any CPU
		{D79846B4-8CA3-4FF2-BAA3-96EBF6BEAAA2}.Release|x64.Deploy.0 = Release|Any CPU
		{D79846B4-8CA3-4FF2-BAA3-96EBF6BEAAA2}.Release|x86.ActiveCfg = Release|Any CPU
		{D79846B4-8CA3-4FF2-BAA3-96EBF6BEAAA2}.Release|x86.Build.0 = Release|Any CPU
		{D79846B4-8CA3-4FF2-BAA3-96EBF6BEAAA2}.Release|x86.Deploy.0 = Release|Any CPU
	EndGlobalSection
	GlobalSection(SolutionProperties) = preSolution
		HideSolutionNode = FALSE
	EndGlobalSection
	GlobalSection(ExtensibilityGlobals) = postSolution
		SolutionGuid = {05BF3F61-5A68-48AE-A66E-47B87ECB8378}
	EndGlobalSection
EndGlobal
